<?xml version="1.0" encoding="utf-8"?>
<Project ToolsVersion="4.0" xmlns="http://schemas.microsoft.com/developer/msbuild/2003">
  <ItemGroup>
    <Filter Include="Source Files">
      <UniqueIdentifier>{4FC737F1-C7A5-4376-A066-2A32D752A2FF}</UniqueIdentifier>
      <Extensions>cpp;c;cc;cxx;c++;cppm;ixx;def;odl;idl;hpj;bat;asm;asmx</Extensions>
    </Filter>
    <Filter Include="Header Files">
      <UniqueIdentifier>{93995380-89BD-4b04-88EB-625FBE52EBFB}</UniqueIdentifier>
      <Extensions>h;hh;hpp;hxx;h++;hm;inl;inc;ipp;xsd</Extensions>
    </Filter>
    <Filter Include="Resource Files">
      <UniqueIdentifier>{67DA6AB6-F800-4c08-8B7A-83BB121AAD01}</UniqueIdentifier>
      <Extensions>rc;ico;cur;bmp;dlg;rc2;rct;bin;rgs;gif;jpg;jpeg;jpe;resx;tiff;tif;png;wav;mfcribbon-ms</Extensions>
    </Filter>
    <Filter Include="Classes">
      <UniqueIdentifier>{f32a2717-6f0a-467b-9be6-8df1bfee59a1}</UniqueIdentifier>
    </Filter>
  </ItemGroup>
  <ItemGroup>
    <ClInclude Include="Resource.h">
      <Filter>Header Files</Filter>
    </ClInclude>
    <ClInclude Include="Classes\Matrix4x4.h">
      <Filter>Classes</Filter>
    </ClInclude>
    <ClInclude Include="Classes\Vector3.h">
      <Filter>Classes</Filter>
    </ClInclude>
    <ClInclude Include="Classes\Color.h">
      <Filter>Classes</Filter>
    </ClInclude>
    <ClInclude Include="Classes\Renderer.h">
      <Filter>Classes</Filter>
    </ClInclude>
    <ClInclude Include="Classes\Renderer_OpenGL.h">
      <Filter>Classes</Filter>
    </ClInclude>
    <ClInclude Include="Classes\Shader.h">
      <Filter>Classes</Filter>
    </ClInclude>
    <ClInclude Include="Classes\Shader_OpenGL.h">
      <Filter>Classes</Filter>
    </ClInclude>
    <ClInclude Include="Classes\Buffer.h">
      <Filter>Classes</Filter>
    </ClInclude>
    <ClInclude Include="Classes\MeshFactory.h">
      <Filter>Classes</Filter>
    </ClInclude>
    <ClInclude Include="Classes\Mesh.h">
      <Filter>Classes</Filter>
    </ClInclude>
    <ClInclude Include="Classes\VertexBuffer.h">
      <Filter>Classes</Filter>
    </ClInclude>
    <ClInclude Include="Classes\Material.h">
      <Filter>Classes</Filter>
    </ClInclude>
    <ClInclude Include="Classes\Vector2.h">
      <Filter>Classes</Filter>
    </ClInclude>
    <ClInclude Include="Classes\PixelBuffer.h">
      <Filter>Classes</Filter>
    </ClInclude>
    <ClInclude Include="Classes\Texture_OpenGL.h">
      <Filter>Classes</Filter>
    </ClInclude>
    <ClInclude Include="Classes\Plane.h">
      <Filter>Classes</Filter>
    </ClInclude>
    <ClInclude Include="Classes\StdFileBuffer.h">
      <Filter>Classes</Filter>
    </ClInclude>
    <ClInclude Include="Classes\FileBuffer.h">
      <Filter>Classes</Filter>
    </ClInclude>
    <ClInclude Include="Classes\Ray3.h">
      <Filter>Classes</Filter>
    </ClInclude>
    <ClInclude Include="Classes\Line3.h">
      <Filter>Classes</Filter>
    </ClInclude>
    <ClInclude Include="Classes\MathHelper.h">
      <Filter>Classes</Filter>
    </ClInclude>
    <ClInclude Include="Classes\Texture.h">
      <Filter>Classes</Filter>
    </ClInclude>
    <ClInclude Include="Classes\MemoryBuffer.h">
      <Filter>Classes</Filter>
    </ClInclude>
    <ClInclude Include="Classes\Voxel.h">
      <Filter>Classes</Filter>
    </ClInclude>
    <ClInclude Include="Classes\Box.h">
      <Filter>Classes</Filter>
    </ClInclude>
    <ClInclude Include="Classes\Voxels.h">
      <Filter>Classes</Filter>
    </ClInclude>
    <ClInclude Include="Classes\VoxelAsset.h">
      <Filter>Classes</Filter>
    </ClInclude>
  </ItemGroup>
  <ItemGroup>
    <ClCompile Include="Voxelizer.cpp">
      <Filter>Source Files</Filter>
    </ClCompile>
    <ClCompile Include="Classes\Matrix4x4.cpp">
      <Filter>Classes</Filter>
    </ClCompile>
    <ClCompile Include="Classes\Vector3.cpp">
      <Filter>Classes</Filter>
    </ClCompile>
    <ClCompile Include="Classes\Color.cpp">
      <Filter>Classes</Filter>
    </ClCompile>
    <ClCompile Include="Classes\Renderer.cpp">
      <Filter>Classes</Filter>
    </ClCompile>
    <ClCompile Include="Classes\Renderer_OpenGL.cpp">
      <Filter>Classes</Filter>
    </ClCompile>
    <ClCompile Include="Classes\Shader.cpp">
      <Filter>Classes</Filter>
    </ClCompile>
    <ClCompile Include="Classes\Shader_OpenGL.cpp">
      <Filter>Classes</Filter>
    </ClCompile>
    <ClCompile Include="Classes\Buffer.cpp">
      <Filter>Classes</Filter>
    </ClCompile>
    <ClCompile Include="Classes\MeshFactory.cpp">
      <Filter>Classes</Filter>
    </ClCompile>
    <ClCompile Include="Classes\Mesh.cpp">
      <Filter>Classes</Filter>
    </ClCompile>
    <ClCompile Include="Classes\VertexBuffer.cpp">
      <Filter>Classes</Filter>
    </ClCompile>
    <ClCompile Include="Classes\Material.cpp">
      <Filter>Classes</Filter>
    </ClCompile>
    <ClCompile Include="Classes\Vector2.cpp">
      <Filter>Classes</Filter>
    </ClCompile>
    <ClCompile Include="Classes\PixelBuffer.cpp">
      <Filter>Classes</Filter>
    </ClCompile>
    <ClCompile Include="Classes\Texture_OpenGL.cpp">
      <Filter>Classes</Filter>
    </ClCompile>
    <ClCompile Include="Classes\Plane.cpp">
      <Filter>Classes</Filter>
    </ClCompile>
    <ClCompile Include="Classes\StdFileBuffer.cpp">
      <Filter>Classes</Filter>
    </ClCompile>
    <ClCompile Include="Classes\FileBuffer.cpp">
      <Filter>Classes</Filter>
    </ClCompile>
    <ClCompile Include="Classes\Ray3.cpp">
      <Filter>Classes</Filter>
    </ClCompile>
    <ClCompile Include="Classes\Line3.cpp">
      <Filter>Classes</Filter>
    </ClCompile>
    <ClCompile Include="Classes\MathHelper.cpp">
      <Filter>Classes</Filter>
    </ClCompile>
    <ClCompile Include="Classes\Texture.cpp">
      <Filter>Classes</Filter>
    </ClCompile>
    <ClCompile Include="Classes\MemoryBuffer.cpp">
      <Filter>Classes</Filter>
    </ClCompile>
    <ClCompile Include="Classes\Voxel.cpp">
      <Filter>Classes</Filter>
    </ClCompile>
    <ClCompile Include="Classes\Box.cpp">
      <Filter>Classes</Filter>
    </ClCompile>
    <ClCompile Include="Classes\Voxels.cpp">
      <Filter>Classes</Filter>
    </ClCompile>
    <ClCompile Include="Classes\VoxelAsset.cpp">
      <Filter>Classes</Filter>
    </ClCompile>
  </ItemGroup>
</Project>