<?xml version="1.0" encoding="utf-8"?>
<Project ToolsVersion="4.0" xmlns="http://schemas.microsoft.com/developer/msbuild/2003">
  <ItemGroup>
    <Filter Include="Source Files">
      <UniqueIdentifier>{4FC737F1-C7A5-4376-A066-2A32D752A2FF}</UniqueIdentifier>
      <Extensions>cpp;c;cc;cxx;c++;cppm;ixx;def;odl;idl;hpj;bat;asm;asmx</Extensions>
    </Filter>
    <Filter Include="Resource Files">
      <UniqueIdentifier>{67DA6AB6-F800-4c08-8B7A-83BB121AAD01}</UniqueIdentifier>
      <Extensions>rc;ico;cur;bmp;dlg;rc2;rct;bin;rgs;gif;jpg;jpeg;jpe;resx;tiff;tif;png;wav;mfcribbon-ms</Extensions>
    </Filter>
    <Filter Include="Header Files">
      <UniqueIdentifier>{93995380-89BD-4b04-88EB-625FBE52EBFB}</UniqueIdentifier>
      <Extensions>h;hh;hpp;hxx;h++;hm;inl;inc;ipp;xsd</Extensions>
    </Filter>
    <Filter Include="Resource Files\Textures">
      <UniqueIdentifier>{065042c6-e0b2-4822-bfca-d0b17fa1c920}</UniqueIdentifier>
    </Filter>
  </ItemGroup>
  <ItemGroup>
    <ClInclude Include="Resource.h">
      <Filter>Header Files</Filter>
    </ClInclude>
    <ClInclude Include="Color.h">
      <Filter>Header Files</Filter>
    </ClInclude>
    <ClInclude Include="FBXModel.h">
      <Filter>Header Files</Filter>
    </ClInclude>
    <ClInclude Include="Matrix4x4.h">
      <Filter>Header Files</Filter>
    </ClInclude>
    <ClInclude Include="Quaternion.h">
      <Filter>Header Files</Filter>
    </ClInclude>
    <ClInclude Include="Renderer.h">
      <Filter>Header Files</Filter>
    </ClInclude>
    <ClInclude Include="Renderer_OpenGL.h">
      <Filter>Header Files</Filter>
    </ClInclude>
    <ClInclude Include="Shader.h">
      <Filter>Header Files</Filter>
    </ClInclude>
    <ClInclude Include="Shader_OpenGL.h">
      <Filter>Header Files</Filter>
    </ClInclude>
    <ClInclude Include="Texture.h">
      <Filter>Header Files</Filter>
    </ClInclude>
    <ClInclude Include="Texture_OpenGL.h">
      <Filter>Header Files</Filter>
    </ClInclude>
    <ClInclude Include="TextureHelper.h">
      <Filter>Header Files</Filter>
    </ClInclude>
    <ClInclude Include="Vector3.h">
      <Filter>Header Files</Filter>
    </ClInclude>
    <ClInclude Include="Vertex.h">
      <Filter>Header Files</Filter>
    </ClInclude>
    <ClInclude Include="targetver.h">
      <Filter>Header Files</Filter>
    </ClInclude>
    <ClInclude Include="Model.h">
      <Filter>Header Files</Filter>
    </ClInclude>
    <ClInclude Include="Vector2.h">
      <Filter>Header Files</Filter>
    </ClInclude>
    <ClInclude Include="PngTextureHelper.h">
      <Filter>Header Files</Filter>
    </ClInclude>
  </ItemGroup>
  <ItemGroup>
    <ClCompile Include="FBX.cpp">
      <Filter>Source Files</Filter>
    </ClCompile>
    <ClCompile Include="Color.cpp">
      <Filter>Source Files</Filter>
    </ClCompile>
    <ClCompile Include="FBXModel.cpp">
      <Filter>Source Files</Filter>
    </ClCompile>
    <ClCompile Include="Matrix4x4.cpp">
      <Filter>Source Files</Filter>
    </ClCompile>
    <ClCompile Include="Quaternion.cpp">
      <Filter>Source Files</Filter>
    </ClCompile>
    <ClCompile Include="Renderer.cpp">
      <Filter>Source Files</Filter>
    </ClCompile>
    <ClCompile Include="Renderer_OpenGL.cpp">
      <Filter>Source Files</Filter>
    </ClCompile>
    <ClCompile Include="Shader.cpp">
      <Filter>Source Files</Filter>
    </ClCompile>
    <ClCompile Include="Shader_OpenGL.cpp">
      <Filter>Source Files</Filter>
    </ClCompile>
    <ClCompile Include="Texture.cpp">
      <Filter>Source Files</Filter>
    </ClCompile>
    <ClCompile Include="Texture_OpenGL.cpp">
      <Filter>Source Files</Filter>
    </ClCompile>
    <ClCompile Include="TextureHelper.cpp">
      <Filter>Source Files</Filter>
    </ClCompile>
    <ClCompile Include="Vector3.cpp">
      <Filter>Source Files</Filter>
    </ClCompile>
    <ClCompile Include="Vertex.cpp">
      <Filter>Source Files</Filter>
    </ClCompile>
    <ClCompile Include="Model.cpp">
      <Filter>Source Files</Filter>
    </ClCompile>
    <ClCompile Include="Vector2.cpp">
      <Filter>Source Files</Filter>
    </ClCompile>
    <ClCompile Include="PngTextureHelper.cpp">
      <Filter>Source Files</Filter>
    </ClCompile>
  </ItemGroup>
  <ItemGroup>
    <ResourceCompile Include="FBX.rc">
      <Filter>Resource Files</Filter>
    </ResourceCompile>
  </ItemGroup>
  <ItemGroup>
    <Image Include="small.ico">
      <Filter>Resource Files</Filter>
    </Image>
    <Image Include="FBX.ico">
      <Filter>Resource Files</Filter>
    </Image>
    <Image Include="Resources\Models\Laure\Textures\brown_eye.png">
      <Filter>Resource Files\Textures</Filter>
    </Image>
    <Image Include="Resources\Models\Laure\Textures\diff3.png">
      <Filter>Resource Files\Textures</Filter>
    </Image>
    <Image Include="Resources\Models\Laure\Textures\eyebrow001.png">
      <Filter>Resource Files\Textures</Filter>
    </Image>
    <Image Include="Resources\Models\Laure\Textures\eyelashes04.png">
      <Filter>Resource Files\Textures</Filter>
    </Image>
    <Image Include="Resources\Models\Laure\Textures\heelsandal.png">
      <Filter>Resource Files\Textures</Filter>
    </Image>
    <Image Include="Resources\Models\Laure\Textures\shortjeans.png">
      <Filter>Resource Files\Textures</Filter>
    </Image>
    <Image Include="Resources\Models\Laure\Textures\shortjeans_normals.png">
      <Filter>Resource Files\Textures</Filter>
    </Image>
    <Image Include="Resources\Models\Laure\Textures\sleeveless.png">
      <Filter>Resource Files\Textures</Filter>
    </Image>
    <Image Include="Resources\Models\Laure\Textures\sleeveless_normals.png">
      <Filter>Resource Files\Textures</Filter>
    </Image>
    <Image Include="Resources\Models\Laure\Textures\teeth.png">
      <Filter>Resource Files\Textures</Filter>
    </Image>
    <Image Include="Resources\Models\Laure\Textures\tongue01_diffuse.png">
      <Filter>Resource Files\Textures</Filter>
    </Image>
    <Image Include="Resources\Models\Laure\Textures\young_lightskinned_female_diffuse2.png">
      <Filter>Resource Files\Textures</Filter>
    </Image>
  </ItemGroup>
  <ItemGroup>
    <None Include="Resources\Models\Laure\Angry.fbx">
      <Filter>Resource Files</Filter>
    </None>
  </ItemGroup>
</Project>